// !$*UTF8*$!
{
	archiveVersion = 1;
	classes = {
	};
	objectVersion = 48;
	objects = {

/* Begin PBXBuildFile section */
		556C998720476D030012C571 /* AppDelegate.m in Sources */ = {isa = PBXBuildFile; fileRef = 556C998620476D030012C571 /* AppDelegate.m */; };
		556C999020476D030012C571 /* Camera.xcdatamodeld in Sources */ = {isa = PBXBuildFile; fileRef = 556C998E20476D030012C571 /* Camera.xcdatamodeld */; };
		556C999220476D030012C571 /* Assets.xcassets in Resources */ = {isa = PBXBuildFile; fileRef = 556C999120476D030012C571 /* Assets.xcassets */; };
		556C999820476D030012C571 /* main.m in Sources */ = {isa = PBXBuildFile; fileRef = 556C999720476D030012C571 /* main.m */; };
		556C99A220476D040012C571 /* CameraTests.m in Sources */ = {isa = PBXBuildFile; fileRef = 556C99A120476D040012C571 /* CameraTests.m */; };
		556C99AD20476D040012C571 /* CameraUITests.m in Sources */ = {isa = PBXBuildFile; fileRef = 556C99AC20476D040012C571 /* CameraUITests.m */; };
		556C99BC20476D670012C571 /* VYKMainViewController.m in Sources */ = {isa = PBXBuildFile; fileRef = 556C99BB20476D670012C571 /* VYKMainViewController.m */; };
/* End PBXBuildFile section */

/* Begin PBXContainerItemProxy section */
		556C999E20476D040012C571 /* PBXContainerItemProxy */ = {
			isa = PBXContainerItemProxy;
			containerPortal = 556C997A20476D030012C571 /* Project object */;
			proxyType = 1;
			remoteGlobalIDString = 556C998120476D030012C571;
			remoteInfo = Camera;
		};
		556C99A920476D040012C571 /* PBXContainerItemProxy */ = {
			isa = PBXContainerItemProxy;
			containerPortal = 556C997A20476D030012C571 /* Project object */;
			proxyType = 1;
			remoteGlobalIDString = 556C998120476D030012C571;
			remoteInfo = Camera;
		};
/* End PBXContainerItemProxy section */

/* Begin PBXFileReference section */
		556C998220476D030012C571 /* Camera.app */ = {isa = PBXFileReference; explicitFileType = wrapper.application; includeInIndex = 0; path = Camera.app; sourceTree = BUILT_PRODUCTS_DIR; };
		556C998520476D030012C571 /* AppDelegate.h */ = {isa = PBXFileReference; lastKnownFileType = sourcecode.c.h; path = AppDelegate.h; sourceTree = "<group>"; };
		556C998620476D030012C571 /* AppDelegate.m */ = {isa = PBXFileReference; lastKnownFileType = sourcecode.c.objc; path = AppDelegate.m; sourceTree = "<group>"; };
		556C998F20476D030012C571 /* Camera.xcdatamodel */ = {isa = PBXFileReference; lastKnownFileType = wrapper.xcdatamodel; path = Camera.xcdatamodel; sourceTree = "<group>"; };
		556C999120476D030012C571 /* Assets.xcassets */ = {isa = PBXFileReference; lastKnownFileType = folder.assetcatalog; path = Assets.xcassets; sourceTree = "<group>"; };
		556C999620476D030012C571 /* Info.plist */ = {isa = PBXFileReference; lastKnownFileType = text.plist.xml; path = Info.plist; sourceTree = "<group>"; };
		556C999720476D030012C571 /* main.m */ = {isa = PBXFileReference; lastKnownFileType = sourcecode.c.objc; path = main.m; sourceTree = "<group>"; };
		556C999D20476D040012C571 /* CameraTests.xctest */ = {isa = PBXFileReference; explicitFileType = wrapper.cfbundle; includeInIndex = 0; path = CameraTests.xctest; sourceTree = BUILT_PRODUCTS_DIR; };
		556C99A120476D040012C571 /* CameraTests.m */ = {isa = PBXFileReference; lastKnownFileType = sourcecode.c.objc; path = CameraTests.m; sourceTree = "<group>"; };
		556C99A320476D040012C571 /* Info.plist */ = {isa = PBXFileReference; lastKnownFileType = text.plist.xml; path = Info.plist; sourceTree = "<group>"; };
		556C99A820476D040012C571 /* CameraUITests.xctest */ = {isa = PBXFileReference; explicitFileType = wrapper.cfbundle; includeInIndex = 0; path = CameraUITests.xctest; sourceTree = BUILT_PRODUCTS_DIR; };
		556C99AC20476D040012C571 /* CameraUITests.m */ = {isa = PBXFileReference; lastKnownFileType = sourcecode.c.objc; path = CameraUITests.m; sourceTree = "<group>"; };
		556C99AE20476D040012C571 /* Info.plist */ = {isa = PBXFileReference; lastKnownFileType = text.plist.xml; path = Info.plist; sourceTree = "<group>"; };
		556C99BA20476D670012C571 /* VYKMainViewController.h */ = {isa = PBXFileReference; lastKnownFileType = sourcecode.c.h; path = VYKMainViewController.h; sourceTree = "<group>"; };
		556C99BB20476D670012C571 /* VYKMainViewController.m */ = {isa = PBXFileReference; lastKnownFileType = sourcecode.c.objc; path = VYKMainViewController.m; sourceTree = "<group>"; };
/* End PBXFileReference section */

/* Begin PBXFrameworksBuildPhase section */
		556C997F20476D030012C571 /* Frameworks */ = {
			isa = PBXFrameworksBuildPhase;
			buildActionMask = 2147483647;
			files = (
			);
			runOnlyForDeploymentPostprocessing = 0;
		};
		556C999A20476D040012C571 /* Frameworks */ = {
			isa = PBXFrameworksBuildPhase;
			buildActionMask = 2147483647;
			files = (
			);
			runOnlyForDeploymentPostprocessing = 0;
		};
		556C99A520476D040012C571 /* Frameworks */ = {
			isa = PBXFrameworksBuildPhase;
			buildActionMask = 2147483647;
			files = (
			);
			runOnlyForDeploymentPostprocessing = 0;
		};
/* End PBXFrameworksBuildPhase section */

/* Begin PBXGroup section */
		556C997920476D030012C571 = {
			isa = PBXGroup;
			children = (
				556C998420476D030012C571 /* Camera */,
				556C99A020476D040012C571 /* CameraTests */,
				556C99AB20476D040012C571 /* CameraUITests */,
				556C998320476D030012C571 /* Products */,
			);
			sourceTree = "<group>";
		};
		556C998320476D030012C571 /* Products */ = {
			isa = PBXGroup;
			children = (
				556C998220476D030012C571 /* Camera.app */,
				556C999D20476D040012C571 /* CameraTests.xctest */,
				556C99A820476D040012C571 /* CameraUITests.xctest */,
			);
			name = Products;
			sourceTree = "<group>";
		};
		556C998420476D030012C571 /* Camera */ = {
			isa = PBXGroup;
			children = (
				556C999620476D030012C571 /* Info.plist */,
				556C99BF20476F460012C571 /* AppDelegate */,
				556C99BE20476F2D0012C571 /* Other */,
				556C99BD20476DC70012C571 /* ViewControllers */,
			);
			path = Camera;
			sourceTree = "<group>";
		};
		556C99A020476D040012C571 /* CameraTests */ = {
			isa = PBXGroup;
			children = (
				556C99A120476D040012C571 /* CameraTests.m */,
				556C99A320476D040012C571 /* Info.plist */,
			);
			path = CameraTests;
			sourceTree = "<group>";
		};
		556C99AB20476D040012C571 /* CameraUITests */ = {
			isa = PBXGroup;
			children = (
				556C99AC20476D040012C571 /* CameraUITests.m */,
				556C99AE20476D040012C571 /* Info.plist */,
			);
			path = CameraUITests;
			sourceTree = "<group>";
		};
		556C99BD20476DC70012C571 /* ViewControllers */ = {
			isa = PBXGroup;
			children = (
				556C99BA20476D670012C571 /* VYKMainViewController.h */,
				556C99BB20476D670012C571 /* VYKMainViewController.m */,
			);
			path = ViewControllers;
			sourceTree = "<group>";
		};
		556C99BE20476F2D0012C571 /* Other */ = {
			isa = PBXGroup;
			children = (
				556C999120476D030012C571 /* Assets.xcassets */,
				556C999720476D030012C571 /* main.m */,
				556C998E20476D030012C571 /* Camera.xcdatamodeld */,
			);
			path = Other;
			sourceTree = "<group>";
		};
		556C99BF20476F460012C571 /* AppDelegate */ = {
			isa = PBXGroup;
			children = (
				556C998520476D030012C571 /* AppDelegate.h */,
				556C998620476D030012C571 /* AppDelegate.m */,
			);
			path = AppDelegate;
			sourceTree = "<group>";
		};
/* End PBXGroup section */

/* Begin PBXNativeTarget section */
		556C998120476D030012C571 /* Camera */ = {
			isa = PBXNativeTarget;
			buildConfigurationList = 556C99B120476D040012C571 /* Build configuration list for PBXNativeTarget "Camera" */;
			buildPhases = (
				556C997E20476D030012C571 /* Sources */,
				556C997F20476D030012C571 /* Frameworks */,
				556C998020476D030012C571 /* Resources */,
			);
			buildRules = (
			);
			dependencies = (
			);
			name = Camera;
			productName = Camera;
			productReference = 556C998220476D030012C571 /* Camera.app */;
			productType = "com.apple.product-type.application";
		};
		556C999C20476D040012C571 /* CameraTests */ = {
			isa = PBXNativeTarget;
			buildConfigurationList = 556C99B420476D040012C571 /* Build configuration list for PBXNativeTarget "CameraTests" */;
			buildPhases = (
				556C999920476D040012C571 /* Sources */,
				556C999A20476D040012C571 /* Frameworks */,
				556C999B20476D040012C571 /* Resources */,
			);
			buildRules = (
			);
			dependencies = (
				556C999F20476D040012C571 /* PBXTargetDependency */,
			);
			name = CameraTests;
			productName = CameraTests;
			productReference = 556C999D20476D040012C571 /* CameraTests.xctest */;
			productType = "com.apple.product-type.bundle.unit-test";
		};
		556C99A720476D040012C571 /* CameraUITests */ = {
			isa = PBXNativeTarget;
			buildConfigurationList = 556C99B720476D040012C571 /* Build configuration list for PBXNativeTarget "CameraUITests" */;
			buildPhases = (
				556C99A420476D040012C571 /* Sources */,
				556C99A520476D040012C571 /* Frameworks */,
				556C99A620476D040012C571 /* Resources */,
			);
			buildRules = (
			);
			dependencies = (
				556C99AA20476D040012C571 /* PBXTargetDependency */,
			);
			name = CameraUITests;
			productName = CameraUITests;
			productReference = 556C99A820476D040012C571 /* CameraUITests.xctest */;
			productType = "com.apple.product-type.bundle.ui-testing";
		};
/* End PBXNativeTarget section */

/* Begin PBXProject section */
		556C997A20476D030012C571 /* Project object */ = {
			isa = PBXProject;
			attributes = {
				LastUpgradeCheck = 0920;
				ORGANIZATIONNAME = Victoria;
				TargetAttributes = {
					556C998120476D030012C571 = {
						CreatedOnToolsVersion = 9.2;
						ProvisioningStyle = Automatic;
					};
					556C999C20476D040012C571 = {
						CreatedOnToolsVersion = 9.2;
						ProvisioningStyle = Automatic;
						TestTargetID = 556C998120476D030012C571;
					};
					556C99A720476D040012C571 = {
						CreatedOnToolsVersion = 9.2;
						ProvisioningStyle = Automatic;
						TestTargetID = 556C998120476D030012C571;
					};
				};
			};
			buildConfigurationList = 556C997D20476D030012C571 /* Build configuration list for PBXProject "Camera" */;
			compatibilityVersion = "Xcode 8.0";
			developmentRegion = en;
			hasScannedForEncodings = 0;
			knownRegions = (
				en,
				Base,
			);
			mainGroup = 556C997920476D030012C571;
			productRefGroup = 556C998320476D030012C571 /* Products */;
			projectDirPath = "";
			projectRoot = "";
			targets = (
				556C998120476D030012C571 /* Camera */,
				556C999C20476D040012C571 /* CameraTests */,
				556C99A720476D040012C571 /* CameraUITests */,
			);
		};
/* End PBXProject section */

/* Begin PBXResourcesBuildPhase section */
		556C998020476D030012C571 /* Resources */ = {
			isa = PBXResourcesBuildPhase;
			buildActionMask = 2147483647;
			files = (
				556C999220476D030012C571 /* Assets.xcassets in Resources */,
			);
			runOnlyForDeploymentPostprocessing = 0;
		};
		556C999B20476D040012C571 /* Resources */ = {
			isa = PBXResourcesBuildPhase;
			buildActionMask = 2147483647;
			files = (
			);
			runOnlyForDeploymentPostprocessing = 0;
		};
		556C99A620476D040012C571 /* Resources */ = {
			isa = PBXResourcesBuildPhase;
			buildActionMask = 2147483647;
			files = (
			);
			runOnlyForDeploymentPostprocessing = 0;
		};
/* End PBXResourcesBuildPhase section */

/* Begin PBXSourcesBuildPhase section */
		556C997E20476D030012C571 /* Sources */ = {
			isa = PBXSourcesBuildPhase;
			buildActionMask = 2147483647;
			files = (
				556C999020476D030012C571 /* Camera.xcdatamodeld in Sources */,
				556C999820476D030012C571 /* main.m in Sources */,
				556C998720476D030012C571 /* AppDelegate.m in Sources */,
				556C99BC20476D670012C571 /* VYKMainViewController.m in Sources */,
			);
			runOnlyForDeploymentPostprocessing = 0;
		};
		556C999920476D040012C571 /* Sources */ = {
			isa = PBXSourcesBuildPhase;
			buildActionMask = 2147483647;
			files = (
				556C99A220476D040012C571 /* CameraTests.m in Sources */,
			);
			runOnlyForDeploymentPostprocessing = 0;
		};
		556C99A420476D040012C571 /* Sources */ = {
			isa = PBXSourcesBuildPhase;
			buildActionMask = 2147483647;
			files = (
				556C99AD20476D040012C571 /* CameraUITests.m in Sources */,
			);
			runOnlyForDeploymentPostprocessing = 0;
		};
/* End PBXSourcesBuildPhase section */

/* Begin PBXTargetDependency section */
		556C999F20476D040012C571 /* PBXTargetDependency */ = {
			isa = PBXTargetDependency;
			target = 556C998120476D030012C571 /* Camera */;
			targetProxy = 556C999E20476D040012C571 /* PBXContainerItemProxy */;
		};
		556C99AA20476D040012C571 /* PBXTargetDependency */ = {
			isa = PBXTargetDependency;
			target = 556C998120476D030012C571 /* Camera */;
			targetProxy = 556C99A920476D040012C571 /* PBXContainerItemProxy */;
		};
/* End PBXTargetDependency section */

/* Begin XCBuildConfiguration section */
		556C99AF20476D040012C571 /* Debug */ = {
			isa = XCBuildConfiguration;
			buildSettings = {
				ALWAYS_SEARCH_USER_PATHS = NO;
				CLANG_ANALYZER_NONNULL = YES;
				CLANG_ANALYZER_NUMBER_OBJECT_CONVERSION = YES_AGGRESSIVE;
				CLANG_CXX_LANGUAGE_STANDARD = "gnu++14";
				CLANG_CXX_LIBRARY = "libc++";
				CLANG_ENABLE_MODULES = YES;
				CLANG_ENABLE_OBJC_ARC = YES;
				CLANG_WARN_BLOCK_CAPTURE_AUTORELEASING = YES;
				CLANG_WARN_BOOL_CONVERSION = YES;
				CLANG_WARN_COMMA = YES;
				CLANG_WARN_CONSTANT_CONVERSION = YES;
				CLANG_WARN_DIRECT_OBJC_ISA_USAGE = YES_ERROR;
				CLANG_WARN_DOCUMENTATION_COMMENTS = YES;
				CLANG_WARN_EMPTY_BODY = YES;
				CLANG_WARN_ENUM_CONVERSION = YES;
				CLANG_WARN_INFINITE_RECURSION = YES;
				CLANG_WARN_INT_CONVERSION = YES;
				CLANG_WARN_NON_LITERAL_NULL_CONVERSION = YES;
				CLANG_WARN_OBJC_LITERAL_CONVERSION = YES;
				CLANG_WARN_OBJC_ROOT_CLASS = YES_ERROR;
				CLANG_WARN_RANGE_LOOP_ANALYSIS = YES;
				CLANG_WARN_STRICT_PROTOTYPES = YES;
				CLANG_WARN_SUSPICIOUS_MOVE = YES;
				CLANG_WARN_UNGUARDED_AVAILABILITY = YES_AGGRESSIVE;
				CLANG_WARN_UNREACHABLE_CODE = YES;
				CLANG_WARN__DUPLICATE_METHOD_MATCH = YES;
				CODE_SIGN_IDENTITY = "iPhone Developer";
				COPY_PHASE_STRIP = NO;
				DEBUG_INFORMATION_FORMAT = dwarf;
				ENABLE_STRICT_OBJC_MSGSEND = YES;
				ENABLE_TESTABILITY = YES;
				GCC_C_LANGUAGE_STANDARD = gnu11;
				GCC_DYNAMIC_NO_PIC = NO;
				GCC_NO_COMMON_BLOCKS = YES;
				GCC_OPTIMIZATION_LEVEL = 0;
				GCC_PREPROCESSOR_DEFINITIONS = (
					"DEBUG=1",
					"$(inherited)",
				);
				GCC_WARN_64_TO_32_BIT_CONVERSION = YES;
				GCC_WARN_ABOUT_RETURN_TYPE = YES_ERROR;
				GCC_WARN_UNDECLARED_SELECTOR = YES;
				GCC_WARN_UNINITIALIZED_AUTOS = YES_AGGRESSIVE;
				GCC_WARN_UNUSED_FUNCTION = YES;
				GCC_WARN_UNUSED_VARIABLE = YES;
				IPHONEOS_DEPLOYMENT_TARGET = 11.2;
				MTL_ENABLE_DEBUG_INFO = YES;
				ONLY_ACTIVE_ARCH = YES;
				SDKROOT = iphoneos;
			};
			name = Debug;
		};
		556C99B020476D040012C571 /* Release */ = {
			isa = XCBuildConfiguration;
			buildSettings = {
				ALWAYS_SEARCH_USER_PATHS = NO;
				CLANG_ANALYZER_NONNULL = YES;
				CLANG_ANALYZER_NUMBER_OBJECT_CONVERSION = YES_AGGRESSIVE;
				CLANG_CXX_LANGUAGE_STANDARD = "gnu++14";
				CLANG_CXX_LIBRARY = "libc++";
				CLANG_ENABLE_MODULES = YES;
				CLANG_ENABLE_OBJC_ARC = YES;
				CLANG_WARN_BLOCK_CAPTURE_AUTORELEASING = YES;
				CLANG_WARN_BOOL_CONVERSION = YES;
				CLANG_WARN_COMMA = YES;
				CLANG_WARN_CONSTANT_CONVERSION = YES;
				CLANG_WARN_DIRECT_OBJC_ISA_USAGE = YES_ERROR;
				CLANG_WARN_DOCUMENTATION_COMMENTS = YES;
				CLANG_WARN_EMPTY_BODY = YES;
				CLANG_WARN_ENUM_CONVERSION = YES;
				CLANG_WARN_INFINITE_RECURSION = YES;
				CLANG_WARN_INT_CONVERSION = YES;
				CLANG_WARN_NON_LITERAL_NULL_CONVERSION = YES;
				CLANG_WARN_OBJC_LITERAL_CONVERSION = YES;
				CLANG_WARN_OBJC_ROOT_CLASS = YES_ERROR;
				CLANG_WARN_RANGE_LOOP_ANALYSIS = YES;
				CLANG_WARN_STRICT_PROTOTYPES = YES;
				CLANG_WARN_SUSPICIOUS_MOVE = YES;
				CLANG_WARN_UNGUARDED_AVAILABILITY = YES_AGGRESSIVE;
				CLANG_WARN_UNREACHABLE_CODE = YES;
				CLANG_WARN__DUPLICATE_METHOD_MATCH = YES;
				CODE_SIGN_IDENTITY = "iPhone Developer";
				COPY_PHASE_STRIP = NO;
				DEBUG_INFORMATION_FORMAT = "dwarf-with-dsym";
				ENABLE_NS_ASSERTIONS = NO;
				ENABLE_STRICT_OBJC_MSGSEND = YES;
				GCC_C_LANGUAGE_STANDARD = gnu11;
				GCC_NO_COMMON_BLOCKS = YES;
				GCC_WARN_64_TO_32_BIT_CONVERSION = YES;
				GCC_WARN_ABOUT_RETURN_TYPE = YES_ERROR;
				GCC_WARN_UNDECLARED_SELECTOR = YES;
				GCC_WARN_UNINITIALIZED_AUTOS = YES_AGGRESSIVE;
				GCC_WARN_UNUSED_FUNCTION = YES;
				GCC_WARN_UNUSED_VARIABLE = YES;
				IPHONEOS_DEPLOYMENT_TARGET = 11.2;
				MTL_ENABLE_DEBUG_INFO = NO;
				SDKROOT = iphoneos;
				VALIDATE_PRODUCT = YES;
			};
			name = Release;
		};
		556C99B220476D040012C571 /* Debug */ = {
			isa = XCBuildConfiguration;
			buildSettings = {
				ASSETCATALOG_COMPILER_APPICON_NAME = AppIcon;
				CODE_SIGN_STYLE = Automatic;
				INFOPLIST_FILE = Camera/Info.plist;
				LD_RUNPATH_SEARCH_PATHS = "$(inherited) @executable_path/Frameworks";
				PRODUCT_BUNDLE_IDENTIFIER = vyk.Camera;
				PRODUCT_NAME = "$(TARGET_NAME)";
				TARGETED_DEVICE_FAMILY = "1,2";
			};
			name = Debug;
		};
		556C99B320476D040012C571 /* Release */ = {
			isa = XCBuildConfiguration;
			buildSettings = {
				ASSETCATALOG_COMPILER_APPICON_NAME = AppIcon;
				CODE_SIGN_STYLE = Automatic;
				INFOPLIST_FILE = Camera/Info.plist;
				LD_RUNPATH_SEARCH_PATHS = "$(inherited) @executable_path/Frameworks";
				PRODUCT_BUNDLE_IDENTIFIER = vyk.Camera;
				PRODUCT_NAME = "$(TARGET_NAME)";
				TARGETED_DEVICE_FAMILY = "1,2";
			};
			name = Release;
		};
		556C99B520476D040012C571 /* Debug */ = {
			isa = XCBuildConfiguration;
			buildSettings = {
				BUNDLE_LOADER = "$(TEST_HOST)";
				CODE_SIGN_STYLE = Automatic;
				INFOPLIST_FILE = CameraTests/Info.plist;
				LD_RUNPATH_SEARCH_PATHS = "$(inherited) @executable_path/Frameworks @loader_path/Frameworks";
				PRODUCT_BUNDLE_IDENTIFIER = vyk.CameraTests;
				PRODUCT_NAME = "$(TARGET_NAME)";
				TARGETED_DEVICE_FAMILY = "1,2";
				TEST_HOST = "$(BUILT_PRODUCTS_DIR)/Camera.app/Camera";
			};
			name = Debug;
		};
		556C99B620476D040012C571 /* Release */ = {
			isa = XCBuildConfiguration;
			buildSettings = {
				BUNDLE_LOADER = "$(TEST_HOST)";
				CODE_SIGN_STYLE = Automatic;
				INFOPLIST_FILE = CameraTests/Info.plist;
				LD_RUNPATH_SEARCH_PATHS = "$(inherited) @executable_path/Frameworks @loader_path/Frameworks";
				PRODUCT_BUNDLE_IDENTIFIER = vyk.CameraTests;
				PRODUCT_NAME = "$(TARGET_NAME)";
				TARGETED_DEVICE_FAMILY = "1,2";
				TEST_HOST = "$(BUILT_PRODUCTS_DIR)/Camera.app/Camera";
			};
			name = Release;
		};
		556C99B820476D040012C571 /* Debug */ = {
			isa = XCBuildConfiguration;
			buildSettings = {
				CODE_SIGN_STYLE = Automatic;
				INFOPLIST_FILE = CameraUITests/Info.plist;
				LD_RUNPATH_SEARCH_PATHS = "$(inherited) @executable_path/Frameworks @loader_path/Frameworks";
				PRODUCT_BUNDLE_IDENTIFIER = vyk.CameraUITests;
				PRODUCT_NAME = "$(TARGET_NAME)";
				TARGETED_DEVICE_FAMILY = "1,2";
				TEST_TARGET_NAME = Camera;
			};
			name = Debug;
		};
		556C99B920476D040012C571 /* Release */ = {
			isa = XCBuildConfiguration;
			buildSettings = {
				CODE_SIGN_STYLE = Automatic;
				INFOPLIST_FILE = CameraUITests/Info.plist;
				LD_RUNPATH_SEARCH_PATHS = "$(inherited) @executable_path/Frameworks @loader_path/Frameworks";
				PRODUCT_BUNDLE_IDENTIFIER = vyk.CameraUITests;
				PRODUCT_NAME = "$(TARGET_NAME)";
				TARGETED_DEVICE_FAMILY = "1,2";
				TEST_TARGET_NAME = Camera;
			};
			name = Release;
		};
/* End XCBuildConfiguration section */

/* Begin XCConfigurationList section */
		556C997D20476D030012C571 /* Build configuration list for PBXProject "Camera" */ = {
			isa = XCConfigurationList;
			buildConfigurations = (
				556C99AF20476D040012C571 /* Debug */,
				556C99B020476D040012C571 /* Release */,
			);
			defaultConfigurationIsVisible = 0;
			defaultConfigurationName = Release;
		};
		556C99B120476D040012C571 /* Build configuration list for PBXNativeTarget "Camera" */ = {
			isa = XCConfigurationList;
			buildConfigurations = (
				556C99B220476D040012C571 /* Debug */,
				556C99B320476D040012C571 /* Release */,
			);
			defaultConfigurationIsVisible = 0;
			defaultConfigurationName = Release;
		};
		556C99B420476D040012C571 /* Build configuration list for PBXNativeTarget "CameraTests" */ = {
			isa = XCConfigurationList;
			buildConfigurations = (
				556C99B520476D040012C571 /* Debug */,
				556C99B620476D040012C571 /* Release */,
			);
			defaultConfigurationIsVisible = 0;
			defaultConfigurationName = Release;
		};
		556C99B720476D040012C571 /* Build configuration list for PBXNativeTarget "CameraUITests" */ = {
			isa = XCConfigurationList;
			buildConfigurations = (
				556C99B820476D040012C571 /* Debug */,
				556C99B920476D040012C571 /* Release */,
			);
			defaultConfigurationIsVisible = 0;
			defaultConfigurationName = Release;
		};
/* End XCConfigurationList section */

/* Begin XCVersionGroup section */
		556C998E20476D030012C571 /* Camera.xcdatamodeld */ = {
			isa = XCVersionGroup;
			children = (
				556C998F20476D030012C571 /* Camera.xcdatamodel */,
			);
			currentVersion = 556C998F20476D030012C571 /* Camera.xcdatamodel */;
			path = Camera.xcdatamodeld;
			sourceTree = "<group>";
			versionGroupType = wrapper.xcdatamodel;
		};
/* End XCVersionGroup section */
	};
	rootObject = 556C997A20476D030012C571 /* Project object */;
}
